// !$*UTF8*$!
{
	archiveVersion = 1;
	classes = {
	};
	objectVersion = 46;
	objects = {

/* Begin PBXBuildFile section */
		5A33BBA62070380E00BE4DD5 /* LineGenerator.swift in Sources */ = {isa = PBXBuildFile; fileRef = 5A33BBA52070380E00BE4DD5 /* LineGenerator.swift */; };
		5A483BD7206E58BC005B370D /* GameViewController.swift in Sources */ = {isa = PBXBuildFile; fileRef = 5A483BD6206E58BC005B370D /* GameViewController.swift */; };
		5A52521D2070016100AEDDFE /* pattern_leather.png in Resources */ = {isa = PBXBuildFile; fileRef = 5A52521C2070016000AEDDFE /* pattern_leather.png */; };
		5A5F2C192075916C009DFC04 /* GameSet.swift in Sources */ = {isa = PBXBuildFile; fileRef = 5A5F2C182075916C009DFC04 /* GameSet.swift */; };
		5A5F2C1B20762AB5009DFC04 /* ChooseDeckViewController.swift in Sources */ = {isa = PBXBuildFile; fileRef = 5A5F2C1A20762AB5009DFC04 /* ChooseDeckViewController.swift */; };
		5A61E6B6207973C000F38DBC /* InformationViewController.swift in Sources */ = {isa = PBXBuildFile; fileRef = 5A61E6B5207973C000F38DBC /* InformationViewController.swift */; };
		5A6785602166C59B00EB0E28 /* DeckRepository.swift in Sources */ = {isa = PBXBuildFile; fileRef = 5A67855F2166C59B00EB0E28 /* DeckRepository.swift */; };
		5A8549982164120600E63B5A /* PlayerType.swift in Sources */ = {isa = PBXBuildFile; fileRef = 5A8549972164120600E63B5A /* PlayerType.swift */; };
		5A85A01720756373004BFF6E /* PersistenceService.swift in Sources */ = {isa = PBXBuildFile; fileRef = 5A85A01620756373004BFF6E /* PersistenceService.swift */; };
		5A85A01A20756B6A004BFF6E /* Player+CoreDataClass.swift in Sources */ = {isa = PBXBuildFile; fileRef = 5A85A01820756B6A004BFF6E /* Player+CoreDataClass.swift */; };
		5A85A01B20756B6A004BFF6E /* Player+CoreDataProperties.swift in Sources */ = {isa = PBXBuildFile; fileRef = 5A85A01920756B6A004BFF6E /* Player+CoreDataProperties.swift */; };
		5AE76FD22072464800D513CC /* ChoosePlayersViewController.swift in Sources */ = {isa = PBXBuildFile; fileRef = 5AE76FD12072464800D513CC /* ChoosePlayersViewController.swift */; };
		79967181FF2853099C894A90 /* CardLine.swift in Sources */ = {isa = PBXBuildFile; fileRef = 79967919448A4A7CFE96E15B /* CardLine.swift */; };
		799674E15E953209E3141507 /* AppDelegate.swift in Sources */ = {isa = PBXBuildFile; fileRef = 799675C87998716191BCBC41 /* AppDelegate.swift */; };
		79967504F058153D2FE02648 /* Assets.xcassets in Resources */ = {isa = PBXBuildFile; fileRef = 799672257EF473CAE2E8DFCC /* Assets.xcassets */; };
		799675A56B6F0EAEFC1D0788 /* Deck.swift in Sources */ = {isa = PBXBuildFile; fileRef = 799672FFCE85601009A5811A /* Deck.swift */; };
		7996761B79C7894F20F2AA09 /* PlayersValidator.swift in Sources */ = {isa = PBXBuildFile; fileRef = 79967DC8083420BAF0E2CE9F /* PlayersValidator.swift */; };
		79967768F1CA3E6752EA3721 /* .gitignore in Resources */ = {isa = PBXBuildFile; fileRef = 79967FB6DE96539861412CD6 /* .gitignore */; };
		799678903698B42A9D88B3B7 /* MainViewController.swift in Sources */ = {isa = PBXBuildFile; fileRef = 79967F5429F53F3CC841BB89 /* MainViewController.swift */; };
		799679A9C3011A28DFDE40B5 /* Crocodiller.xcdatamodeld in Sources */ = {isa = PBXBuildFile; fileRef = 799677399C14BD6B61971AAD /* Crocodiller.xcdatamodeld */; };
		799679F6AC918167AA2956ED /* LaunchScreen.storyboard in Resources */ = {isa = PBXBuildFile; fileRef = 7996774FC258DEE4C38CD16A /* LaunchScreen.storyboard */; };
		79967C6C576D8106C85FF5CD /* Main.storyboard in Resources */ = {isa = PBXBuildFile; fileRef = 79967D91AB102D478649F0F2 /* Main.storyboard */; };
		79967D00FA69DDB13F192C04 /* Turn.swift in Sources */ = {isa = PBXBuildFile; fileRef = 799673376E9F883B04AC31AE /* Turn.swift */; };
		79967E06ACDE2B49D16CECAE /* MyColors.swift in Sources */ = {isa = PBXBuildFile; fileRef = 7996768C2FA9A1EFE874929F /* MyColors.swift */; };
/* End PBXBuildFile section */

/* Begin PBXFileReference section */
		5A33BBA52070380E00BE4DD5 /* LineGenerator.swift */ = {isa = PBXFileReference; lastKnownFileType = sourcecode.swift; path = LineGenerator.swift; sourceTree = "<group>"; };
		5A483BD6206E58BC005B370D /* GameViewController.swift */ = {isa = PBXFileReference; lastKnownFileType = sourcecode.swift; path = GameViewController.swift; sourceTree = "<group>"; };
		5A52521C2070016000AEDDFE /* pattern_leather.png */ = {isa = PBXFileReference; lastKnownFileType = image.png; path = pattern_leather.png; sourceTree = "<group>"; };
		5A5F2C182075916C009DFC04 /* GameSet.swift */ = {isa = PBXFileReference; lastKnownFileType = sourcecode.swift; path = GameSet.swift; sourceTree = "<group>"; };
		5A5F2C1A20762AB5009DFC04 /* ChooseDeckViewController.swift */ = {isa = PBXFileReference; lastKnownFileType = sourcecode.swift; path = ChooseDeckViewController.swift; sourceTree = "<group>"; };
		5A61E6B5207973C000F38DBC /* InformationViewController.swift */ = {isa = PBXFileReference; lastKnownFileType = sourcecode.swift; path = InformationViewController.swift; sourceTree = "<group>"; };
		5A67855F2166C59B00EB0E28 /* DeckRepository.swift */ = {isa = PBXFileReference; lastKnownFileType = sourcecode.swift; path = DeckRepository.swift; sourceTree = "<group>"; };
		5A8549972164120600E63B5A /* PlayerType.swift */ = {isa = PBXFileReference; lastKnownFileType = sourcecode.swift; path = PlayerType.swift; sourceTree = "<group>"; };
		5A85A01620756373004BFF6E /* PersistenceService.swift */ = {isa = PBXFileReference; lastKnownFileType = sourcecode.swift; path = PersistenceService.swift; sourceTree = "<group>"; };
		5A85A01820756B6A004BFF6E /* Player+CoreDataClass.swift */ = {isa = PBXFileReference; lastKnownFileType = sourcecode.swift; path = "Player+CoreDataClass.swift"; sourceTree = "<group>"; };
		5A85A01920756B6A004BFF6E /* Player+CoreDataProperties.swift */ = {isa = PBXFileReference; lastKnownFileType = sourcecode.swift; path = "Player+CoreDataProperties.swift"; sourceTree = "<group>"; };
		5AE76FD12072464800D513CC /* ChoosePlayersViewController.swift */ = {isa = PBXFileReference; lastKnownFileType = sourcecode.swift; path = ChoosePlayersViewController.swift; sourceTree = "<group>"; };
		799671C461B9FF59D276D59A /* Crocodiller.xcdatamodel */ = {isa = PBXFileReference; lastKnownFileType = wrapper.xcdatamodel; path = Crocodiller.xcdatamodel; sourceTree = "<group>"; };
		799672257EF473CAE2E8DFCC /* Assets.xcassets */ = {isa = PBXFileReference; lastKnownFileType = folder.assetcatalog; path = Assets.xcassets; sourceTree = "<group>"; };
		799672FFCE85601009A5811A /* Deck.swift */ = {isa = PBXFileReference; fileEncoding = 4; lastKnownFileType = sourcecode.swift; path = Deck.swift; sourceTree = "<group>"; };
		799673376E9F883B04AC31AE /* Turn.swift */ = {isa = PBXFileReference; fileEncoding = 4; lastKnownFileType = sourcecode.swift; path = Turn.swift; sourceTree = "<group>"; };
		799675C87998716191BCBC41 /* AppDelegate.swift */ = {isa = PBXFileReference; lastKnownFileType = sourcecode.swift; path = AppDelegate.swift; sourceTree = "<group>"; };
		7996768C2FA9A1EFE874929F /* MyColors.swift */ = {isa = PBXFileReference; fileEncoding = 4; lastKnownFileType = sourcecode.swift; path = MyColors.swift; sourceTree = "<group>"; };
		7996776061399F3500493928 /* Base */ = {isa = PBXFileReference; lastKnownFileType = file.storyboard; name = Base; path = Base.lproj/LaunchScreen.storyboard; sourceTree = "<group>"; };
		79967919448A4A7CFE96E15B /* CardLine.swift */ = {isa = PBXFileReference; fileEncoding = 4; lastKnownFileType = sourcecode.swift; path = CardLine.swift; sourceTree = "<group>"; };
		79967924EC25640341E0A952 /* Base */ = {isa = PBXFileReference; lastKnownFileType = file.storyboard; name = Base; path = Base.lproj/Main.storyboard; sourceTree = "<group>"; };
		799679BD92215DF7C10FD36E /* Info.plist */ = {isa = PBXFileReference; lastKnownFileType = text.plist; path = Info.plist; sourceTree = "<group>"; };
		79967DC8083420BAF0E2CE9F /* PlayersValidator.swift */ = {isa = PBXFileReference; fileEncoding = 4; lastKnownFileType = sourcecode.swift; path = PlayersValidator.swift; sourceTree = "<group>"; };
		79967F5429F53F3CC841BB89 /* MainViewController.swift */ = {isa = PBXFileReference; lastKnownFileType = sourcecode.swift; path = MainViewController.swift; sourceTree = "<group>"; };
		79967FB6DE96539861412CD6 /* .gitignore */ = {isa = PBXFileReference; lastKnownFileType = file.gitignore; path = .gitignore; sourceTree = "<group>"; };
		79967FFE92651EA7D48E125D /* Crocodiller.app */ = {isa = PBXFileReference; explicitFileType = wrapper.application; includeInIndex = 0; path = Crocodiller.app; sourceTree = BUILT_PRODUCTS_DIR; };
/* End PBXFileReference section */

/* Begin PBXFrameworksBuildPhase section */
		79967F0875075F951F736030 /* Frameworks */ = {
			isa = PBXFrameworksBuildPhase;
			buildActionMask = 2147483647;
			files = (
			);
			runOnlyForDeploymentPostprocessing = 0;
		};
/* End PBXFrameworksBuildPhase section */

/* Begin PBXGroup section */
		5A85A00D20753FA6004BFF6E /* Post */ = {
			isa = PBXGroup;
			children = (
				5A85A01320754047004BFF6E /* Model */,
				5A85A01020753FF8004BFF6E /* View */,
				5A85A0112075402E004BFF6E /* Controller */,
				5A85A0122075403A004BFF6E /* Service */,
			);
			path = Post;
			sourceTree = "<group>";
		};
		5A85A01020753FF8004BFF6E /* View */ = {
			isa = PBXGroup;
			children = (
				79967D91AB102D478649F0F2 /* Main.storyboard */,
				7996774FC258DEE4C38CD16A /* LaunchScreen.storyboard */,
				7996768C2FA9A1EFE874929F /* MyColors.swift */,
				799672257EF473CAE2E8DFCC /* Assets.xcassets */,
				5A52521C2070016000AEDDFE /* pattern_leather.png */,
			);
			path = View;
			sourceTree = "<group>";
		};
		5A85A0112075402E004BFF6E /* Controller */ = {
			isa = PBXGroup;
			children = (
				799675C87998716191BCBC41 /* AppDelegate.swift */,
				5AE76FD12072464800D513CC /* ChoosePlayersViewController.swift */,
				5A483BD6206E58BC005B370D /* GameViewController.swift */,
				5A61E6B5207973C000F38DBC /* InformationViewController.swift */,
				79967F5429F53F3CC841BB89 /* MainViewController.swift */,
				5A5F2C1A20762AB5009DFC04 /* ChooseDeckViewController.swift */,
			);
			path = Controller;
			sourceTree = "<group>";
		};
		5A85A0122075403A004BFF6E /* Service */ = {
			isa = PBXGroup;
			children = (
			);
			path = Service;
			sourceTree = "<group>";
		};
		5A85A01320754047004BFF6E /* Model */ = {
			isa = PBXGroup;
			children = (
				799672FFCE85601009A5811A /* Deck.swift */,
				79967919448A4A7CFE96E15B /* CardLine.swift */,
				5A67855F2166C59B00EB0E28 /* DeckRepository.swift */,
				5A5F2C182075916C009DFC04 /* GameSet.swift */,
				5A33BBA52070380E00BE4DD5 /* LineGenerator.swift */,
				5A8549972164120600E63B5A /* PlayerType.swift */,
				5A85A01620756373004BFF6E /* PersistenceService.swift */,
				79967DC8083420BAF0E2CE9F /* PlayersValidator.swift */,
				5A85A01820756B6A004BFF6E /* Player+CoreDataClass.swift */,
				5A85A01920756B6A004BFF6E /* Player+CoreDataProperties.swift */,
				799673376E9F883B04AC31AE /* Turn.swift */,
			);
			path = Model;
			sourceTree = "<group>";
		};
		7996724923E7FD99C8494925 = {
			isa = PBXGroup;
			children = (
				799679BD92215DF7C10FD36E /* Info.plist */,
				5A85A00D20753FA6004BFF6E /* Post */,
				79967AD0968188077BCD450F /* Products */,
				799677399C14BD6B61971AAD /* Crocodiller.xcdatamodeld */,
				79967FB6DE96539861412CD6 /* .gitignore */,
			);
			sourceTree = "<group>";
		};
		79967AD0968188077BCD450F /* Products */ = {
			isa = PBXGroup;
			children = (
				79967FFE92651EA7D48E125D /* Crocodiller.app */,
			);
			name = Products;
			sourceTree = "<group>";
		};
/* End PBXGroup section */

/* Begin PBXNativeTarget section */
		799673624E9154877B21D7DA /* Crocodiller */ = {
			isa = PBXNativeTarget;
			buildConfigurationList = 79967515A2237251567734CA /* Build configuration list for PBXNativeTarget "Crocodiller" */;
			buildPhases = (
				79967DEDEFD66862D2B4CABC /* Sources */,
				79967F0875075F951F736030 /* Frameworks */,
				799673E9F5417EEB7397DDCC /* Resources */,
			);
			buildRules = (
			);
			dependencies = (
			);
			name = Crocodiller;
			productName = Crocodiller;
			productReference = 79967FFE92651EA7D48E125D /* Crocodiller.app */;
			productType = "com.apple.product-type.application";
		};
/* End PBXNativeTarget section */

/* Begin PBXProject section */
		79967C4E2C48645C4F1F910D /* Project object */ = {
			isa = PBXProject;
			attributes = {
				ORGANIZATIONNAME = YandI;
				TargetAttributes = {
					799673624E9154877B21D7DA = {
						DevelopmentTeam = G6NPN9SLZM;
						ProvisioningStyle = Automatic;
					};
				};
			};
			buildConfigurationList = 7996719AFB885B4370921F45 /* Build configuration list for PBXProject "Crocodiller" */;
			compatibilityVersion = "Xcode 3.2";
			developmentRegion = English;
			hasScannedForEncodings = 0;
			knownRegions = (
				en,
			);
			mainGroup = 7996724923E7FD99C8494925;
			productRefGroup = 79967AD0968188077BCD450F /* Products */;
			projectDirPath = "";
			projectRoot = "";
			targets = (
				799673624E9154877B21D7DA /* Crocodiller */,
			);
		};
/* End PBXProject section */

/* Begin PBXResourcesBuildPhase section */
		799673E9F5417EEB7397DDCC /* Resources */ = {
			isa = PBXResourcesBuildPhase;
			buildActionMask = 2147483647;
			files = (
				79967504F058153D2FE02648 /* Assets.xcassets in Resources */,
				799679F6AC918167AA2956ED /* LaunchScreen.storyboard in Resources */,
				79967C6C576D8106C85FF5CD /* Main.storyboard in Resources */,
				5A52521D2070016100AEDDFE /* pattern_leather.png in Resources */,
				79967768F1CA3E6752EA3721 /* .gitignore in Resources */,
			);
			runOnlyForDeploymentPostprocessing = 0;
		};
/* End PBXResourcesBuildPhase section */

/* Begin PBXSourcesBuildPhase section */
		79967DEDEFD66862D2B4CABC /* Sources */ = {
			isa = PBXSourcesBuildPhase;
			buildActionMask = 2147483647;
			files = (
				5A483BD7206E58BC005B370D /* GameViewController.swift in Sources */,
				5A6785602166C59B00EB0E28 /* DeckRepository.swift in Sources */,
				799674E15E953209E3141507 /* AppDelegate.swift in Sources */,
				799679A9C3011A28DFDE40B5 /* Crocodiller.xcdatamodeld in Sources */,
				5A85A01720756373004BFF6E /* PersistenceService.swift in Sources */,
				5A8549982164120600E63B5A /* PlayerType.swift in Sources */,
				5A85A01B20756B6A004BFF6E /* Player+CoreDataProperties.swift in Sources */,
				799678903698B42A9D88B3B7 /* MainViewController.swift in Sources */,
				79967181FF2853099C894A90 /* CardLine.swift in Sources */,
				5A5F2C1B20762AB5009DFC04 /* ChooseDeckViewController.swift in Sources */,
				5A85A01A20756B6A004BFF6E /* Player+CoreDataClass.swift in Sources */,
				5A5F2C192075916C009DFC04 /* GameSet.swift in Sources */,
				5A33BBA62070380E00BE4DD5 /* LineGenerator.swift in Sources */,
				5AE76FD22072464800D513CC /* ChoosePlayersViewController.swift in Sources */,
				79967E06ACDE2B49D16CECAE /* MyColors.swift in Sources */,
				799675A56B6F0EAEFC1D0788 /* Deck.swift in Sources */,
				7996761B79C7894F20F2AA09 /* PlayersValidator.swift in Sources */,
				79967D00FA69DDB13F192C04 /* Turn.swift in Sources */,
				5A61E6B6207973C000F38DBC /* InformationViewController.swift in Sources */,
			);
			runOnlyForDeploymentPostprocessing = 0;
		};
/* End PBXSourcesBuildPhase section */

/* Begin PBXVariantGroup section */
		7996774FC258DEE4C38CD16A /* LaunchScreen.storyboard */ = {
			isa = PBXVariantGroup;
			children = (
				7996776061399F3500493928 /* Base */,
			);
			name = LaunchScreen.storyboard;
			sourceTree = "<group>";
		};
		79967D91AB102D478649F0F2 /* Main.storyboard */ = {
			isa = PBXVariantGroup;
			children = (
				79967924EC25640341E0A952 /* Base */,
			);
			name = Main.storyboard;
			sourceTree = "<group>";
		};
/* End PBXVariantGroup section */

/* Begin XCBuildConfiguration section */
		799671504335ED10E46877AF /* Debug */ = {
			isa = XCBuildConfiguration;
			buildSettings = {
				ALWAYS_SEARCH_USER_PATHS = NO;
				CLANG_ANALYZER_NONNULL = YES;
				CLANG_ANALYZER_NUMBER_OBJECT_CONVERSION = YES_AGGRESSIVE;
				CLANG_CXX_LANGUAGE_STANDARD = "gnu++14";
				CLANG_CXX_LIBRARY = "libc++";
				CLANG_ENABLE_MODULES = YES;
				CLANG_ENABLE_OBJC_ARC = YES;
				CLANG_WARN_BLOCK_CAPTURE_AUTORELEASING = YES;
				CLANG_WARN_BOOL_CONVERSION = YES;
				CLANG_WARN_COMMA = YES;
				CLANG_WARN_CONSTANT_CONVERSION = YES;
				CLANG_WARN_DIRECT_OBJC_ISA_USAGE = YES_ERROR;
				CLANG_WARN_DOCUMENTATION_COMMENTS = YES;
				CLANG_WARN_EMPTY_BODY = YES;
				CLANG_WARN_ENUM_CONVERSION = YES;
				CLANG_WARN_INFINITE_RECURSION = YES;
				CLANG_WARN_INT_CONVERSION = YES;
				CLANG_WARN_NON_LITERAL_NULL_CONVERSION = YES;
				CLANG_WARN_OBJC_LITERAL_CONVERSION = YES;
				CLANG_WARN_OBJC_ROOT_CLASS = YES_ERROR;
				CLANG_WARN_RANGE_LOOP_ANALYSIS = YES;
				CLANG_WARN_STRICT_PROTOTYPES = YES;
				CLANG_WARN_SUSPICIOUS_MOVE = YES;
				CLANG_WARN_UNGUARDED_AVAILABILITY = YES_AGGRESSIVE;
				CLANG_WARN_UNREACHABLE_CODE = YES;
				CLANG_WARN__DUPLICATE_METHOD_MATCH = YES;
				CODE_SIGN_IDENTITY = "iPhone Developer";
				COPY_PHASE_STRIP = NO;
				DEBUG_INFORMATION_FORMAT = dwarf;
				ENABLE_STRICT_OBJC_MSGSEND = YES;
				ENABLE_TESTABILITY = YES;
				GCC_C_LANGUAGE_STANDARD = gnu11;
				GCC_DYNAMIC_NO_PIC = NO;
				GCC_NO_COMMON_BLOCKS = YES;
				GCC_OPTIMIZATION_LEVEL = 0;
				GCC_PREPROCESSOR_DEFINITIONS = (
					"DEBUG=1",
					"$(inherited)",
				);
				GCC_WARN_64_TO_32_BIT_CONVERSION = YES;
				GCC_WARN_ABOUT_RETURN_TYPE = YES_ERROR;
				GCC_WARN_UNDECLARED_SELECTOR = YES;
				GCC_WARN_UNINITIALIZED_AUTOS = YES_AGGRESSIVE;
				GCC_WARN_UNUSED_FUNCTION = YES;
				GCC_WARN_UNUSED_VARIABLE = YES;
				IPHONEOS_DEPLOYMENT_TARGET = 11.2;
				MTL_ENABLE_DEBUG_INFO = YES;
				ONLY_ACTIVE_ARCH = YES;
				SDKROOT = iphoneos;
				SWIFT_ACTIVE_COMPILATION_CONDITIONS = DEBUG;
				SWIFT_OPTIMIZATION_LEVEL = "-Onone";
			};
			name = Debug;
		};
		79967182C6890D929E742903 /* Release */ = {
			isa = XCBuildConfiguration;
			buildSettings = {
				ALWAYS_SEARCH_USER_PATHS = NO;
				CLANG_ANALYZER_NONNULL = YES;
				CLANG_ANALYZER_NUMBER_OBJECT_CONVERSION = YES_AGGRESSIVE;
				CLANG_CXX_LANGUAGE_STANDARD = "gnu++14";
				CLANG_CXX_LIBRARY = "libc++";
				CLANG_ENABLE_MODULES = YES;
				CLANG_ENABLE_OBJC_ARC = YES;
				CLANG_WARN_BLOCK_CAPTURE_AUTORELEASING = YES;
				CLANG_WARN_BOOL_CONVERSION = YES;
				CLANG_WARN_COMMA = YES;
				CLANG_WARN_CONSTANT_CONVERSION = YES;
				CLANG_WARN_DIRECT_OBJC_ISA_USAGE = YES_ERROR;
				CLANG_WARN_DOCUMENTATION_COMMENTS = YES;
				CLANG_WARN_EMPTY_BODY = YES;
				CLANG_WARN_ENUM_CONVERSION = YES;
				CLANG_WARN_INFINITE_RECURSION = YES;
				CLANG_WARN_INT_CONVERSION = YES;
				CLANG_WARN_NON_LITERAL_NULL_CONVERSION = YES;
				CLANG_WARN_OBJC_LITERAL_CONVERSION = YES;
				CLANG_WARN_OBJC_ROOT_CLASS = YES_ERROR;
				CLANG_WARN_RANGE_LOOP_ANALYSIS = YES;
				CLANG_WARN_STRICT_PROTOTYPES = YES;
				CLANG_WARN_SUSPICIOUS_MOVE = YES;
				CLANG_WARN_UNGUARDED_AVAILABILITY = YES_AGGRESSIVE;
				CLANG_WARN_UNREACHABLE_CODE = YES;
				CLANG_WARN__DUPLICATE_METHOD_MATCH = YES;
				CODE_SIGN_IDENTITY = "iPhone Developer";
				COPY_PHASE_STRIP = NO;
				DEBUG_INFORMATION_FORMAT = "dwarf-with-dsym";
				ENABLE_NS_ASSERTIONS = NO;
				ENABLE_STRICT_OBJC_MSGSEND = YES;
				GCC_C_LANGUAGE_STANDARD = gnu11;
				GCC_NO_COMMON_BLOCKS = YES;
				GCC_WARN_64_TO_32_BIT_CONVERSION = YES;
				GCC_WARN_ABOUT_RETURN_TYPE = YES_ERROR;
				GCC_WARN_UNDECLARED_SELECTOR = YES;
				GCC_WARN_UNINITIALIZED_AUTOS = YES_AGGRESSIVE;
				GCC_WARN_UNUSED_FUNCTION = YES;
				GCC_WARN_UNUSED_VARIABLE = YES;
				IPHONEOS_DEPLOYMENT_TARGET = 11.2;
				MTL_ENABLE_DEBUG_INFO = NO;
				SDKROOT = iphoneos;
				SWIFT_OPTIMIZATION_LEVEL = "-Owholemodule";
				VALIDATE_PRODUCT = YES;
			};
			name = Release;
		};
		79967B14B73CE1CB73FD8E61 /* Debug */ = {
			isa = XCBuildConfiguration;
			buildSettings = {
				ASSETCATALOG_COMPILER_APPICON_NAME = AppIcon;
				CODE_SIGN_IDENTITY = "iPhone Developer";
				CODE_SIGN_STYLE = Automatic;
				DEVELOPMENT_TEAM = G6NPN9SLZM;
				INFOPLIST_FILE = Crocodiller/Info.plist;
				LD_RUNPATH_SEARCH_PATHS = "$(inherited) @executable_path/Frameworks";
				PRODUCT_BUNDLE_IDENTIFIER = com.yandi.Crocodiller;
				PRODUCT_NAME = "$(TARGET_NAME)";
				PROVISIONING_PROFILE_SPECIFIER = "";
				SWIFT_VERSION = 4.0;
				TARGETED_DEVICE_FAMILY = "1,2";
			};
			name = Debug;
		};
		79967DD2E7B53C11B2B60928 /* Release */ = {
			isa = XCBuildConfiguration;
			buildSettings = {
				ASSETCATALOG_COMPILER_APPICON_NAME = AppIcon;
				CODE_SIGN_IDENTITY = "iPhone Developer";
				CODE_SIGN_STYLE = Automatic;
				DEVELOPMENT_TEAM = G6NPN9SLZM;
				INFOPLIST_FILE = Crocodiller/Info.plist;
				LD_RUNPATH_SEARCH_PATHS = "$(inherited) @executable_path/Frameworks";
				PRODUCT_BUNDLE_IDENTIFIER = com.yandi.Crocodiller;
				PRODUCT_NAME = "$(TARGET_NAME)";
				PROVISIONING_PROFILE_SPECIFIER = "";
				SWIFT_VERSION = 4.0;
				TARGETED_DEVICE_FAMILY = "1,2";
			};
			name = Release;
		};
/* End XCBuildConfiguration section */

/* Begin XCConfigurationList section */
		7996719AFB885B4370921F45 /* Build configuration list for PBXProject "Crocodiller" */ = {
			isa = XCConfigurationList;
			buildConfigurations = (
				799671504335ED10E46877AF /* Debug */,
				79967182C6890D929E742903 /* Release */,
			);
			defaultConfigurationIsVisible = 0;
			defaultConfigurationName = Release;
		};
		79967515A2237251567734CA /* Build configuration list for PBXNativeTarget "Crocodiller" */ = {
			isa = XCConfigurationList;
			buildConfigurations = (
				79967B14B73CE1CB73FD8E61 /* Debug */,
				79967DD2E7B53C11B2B60928 /* Release */,
			);
			defaultConfigurationIsVisible = 0;
			defaultConfigurationName = Release;
		};
/* End XCConfigurationList section */

/* Begin XCVersionGroup section */
		799677399C14BD6B61971AAD /* Crocodiller.xcdatamodeld */ = {
			isa = XCVersionGroup;
			children = (
				799671C461B9FF59D276D59A /* Crocodiller.xcdatamodel */,
			);
			currentVersion = 799671C461B9FF59D276D59A /* Crocodiller.xcdatamodel */;
			path = Crocodiller.xcdatamodeld;
			sourceTree = "<group>";
			versionGroupType = wrapper.xcdatamodel;
		};
/* End XCVersionGroup section */
	};
	rootObject = 79967C4E2C48645C4F1F910D /* Project object */;
}
